
Microsoft Visual Studio Solution File, Format Version 12.00
# Visual Studio 15
VisualStudioVersion = 15.0.27130.2003
MinimumVisualStudioVersion = 10.0.40219.1
Project("{FAE04EC0-301F-11D3-BF4B-00C04F79EFBC}") = "Html2Pdf.Console", "Html2Pdf.Console\Html2Pdf.Console.csproj", "{AF73A599-8E6E-4B7E-B8C8-63588EC3B304}"
EndProject
Project("{FAE04EC0-301F-11D3-BF4B-00C04F79EFBC}") = "Html2Pdf.Common", "Html2Pdf.Common\Html2Pdf.Common.csproj", "{184FA3C2-41C8-4549-BF6A-8C856BCD81C6}"
EndProject
Project("{FAE04EC0-301F-11D3-BF4B-00C04F79EFBC}") = "Html2Pdf.HParser", "Html2Pdf.HParser\Html2Pdf.HParser.csproj", "{A3DC4AC0-CA93-42B8-9DF2-C10399A59D4E}"
EndProject
Project("{FAE04EC0-301F-11D3-BF4B-00C04F79EFBC}") = "Html2Pdf.PCreator", "Html2Pdf.PCreator\Html2Pdf.PCreator.csproj", "{38042A49-7AD1-49D5-85A0-840D1BE56272}"
EndProject
Project("{FAE04EC0-301F-11D3-BF4B-00C04F79EFBC}") = "Html2Pdf.HParser.Tests", "Html2Pdf.HParser.Tests\Html2Pdf.HParser.Tests.csproj", "{232226E6-02BE-4EFB-ADA5-BD428974D935}"
EndProject
Project("{FAE04EC0-301F-11D3-BF4B-00C04F79EFBC}") = "Html2Pdf.PCreator.Tests", "Html2Pdf.PCreator.Tests\Html2Pdf.PCreator.Tests.csproj", "{4ABEF98F-1412-4F7A-9342-C2983A5C9622}"
EndProject
Project("{2150E333-8FDC-42A3-9474-1A3956D46DE8}") = "Solution Items", "Solution Items", "{E51B698F-FE7D-4538-8052-EAA810AB0E82}"
	ProjectSection(SolutionItems) = preProject
		README.md = README.md
	EndProjectSection
EndProject
Global
	GlobalSection(SolutionConfigurationPlatforms) = preSolution
		Debug|Any CPU = Debug|Any CPU
		Release|Any CPU = Release|Any CPU
	EndGlobalSection
	GlobalSection(ProjectConfigurationPlatforms) = postSolution
		{AF73A599-8E6E-4B7E-B8C8-63588EC3B304}.Debug|Any CPU.ActiveCfg = Debug|Any CPU
		{AF73A599-8E6E-4B7E-B8C8-63588EC3B304}.Debug|Any CPU.Build.0 = Debug|Any CPU
		{AF73A599-8E6E-4B7E-B8C8-63588EC3B304}.Release|Any CPU.ActiveCfg = Release|Any CPU
		{AF73A599-8E6E-4B7E-B8C8-63588EC3B304}.Release|Any CPU.Build.0 = Release|Any CPU
		{184FA3C2-41C8-4549-BF6A-8C856BCD81C6}.Debug|Any CPU.ActiveCfg = Debug|Any CPU
		{184FA3C2-41C8-4549-BF6A-8C856BCD81C6}.Debug|Any CPU.Build.0 = Debug|Any CPU
		{184FA3C2-41C8-4549-BF6A-8C856BCD81C6}.Release|Any CPU.ActiveCfg = Release|Any CPU
		{184FA3C2-41C8-4549-BF6A-8C856BCD81C6}.Release|Any CPU.Build.0 = Release|Any CPU
		{A3DC4AC0-CA93-42B8-9DF2-C10399A59D4E}.Debug|Any CPU.ActiveCfg = Debug|Any CPU
		{A3DC4AC0-CA93-42B8-9DF2-C10399A59D4E}.Debug|Any CPU.Build.0 = Debug|Any CPU
		{A3DC4AC0-CA93-42B8-9DF2-C10399A59D4E}.Release|Any CPU.ActiveCfg = Release|Any CPU
		{A3DC4AC0-CA93-42B8-9DF2-C10399A59D4E}.Release|Any CPU.Build.0 = Release|Any CPU
		{38042A49-7AD1-49D5-85A0-840D1BE56272}.Debug|Any CPU.ActiveCfg = Debug|Any CPU
		{38042A49-7AD1-49D5-85A0-840D1BE56272}.Debug|Any CPU.Build.0 = Debug|Any CPU
		{38042A49-7AD1-49D5-85A0-840D1BE56272}.Release|Any CPU.ActiveCfg = Release|Any CPU
		{38042A49-7AD1-49D5-85A0-840D1BE56272}.Release|Any CPU.Build.0 = Release|Any CPU
		{232226E6-02BE-4EFB-ADA5-BD428974D935}.Debug|Any CPU.ActiveCfg = Debug|Any CPU
		{232226E6-02BE-4EFB-ADA5-BD428974D935}.Debug|Any CPU.Build.0 = Debug|Any CPU
		{232226E6-02BE-4EFB-ADA5-BD428974D935}.Release|Any CPU.ActiveCfg = Release|Any CPU
		{232226E6-02BE-4EFB-ADA5-BD428974D935}.Release|Any CPU.Build.0 = Release|Any CPU
		{4ABEF98F-1412-4F7A-9342-C2983A5C9622}.Debug|Any CPU.ActiveCfg = Debug|Any CPU
		{4ABEF98F-1412-4F7A-9342-C2983A5C9622}.Debug|Any CPU.Build.0 = Debug|Any CPU
		{4ABEF98F-1412-4F7A-9342-C2983A5C9622}.Release|Any CPU.ActiveCfg = Release|Any CPU
		{4ABEF98F-1412-4F7A-9342-C2983A5C9622}.Release|Any CPU.Build.0 = Release|Any CPU
	EndGlobalSection
	GlobalSection(SolutionProperties) = preSolution
		HideSolutionNode = FALSE
	EndGlobalSection
	GlobalSection(ExtensibilityGlobals) = postSolution
		SolutionGuid = {E0C7BF56-5458-4937-BE72-3727B95D006B}
	EndGlobalSection
EndGlobal
